// !$*UTF8*$!
{
	archiveVersion = 1;
	classes = {
	};
	objectVersion = 56;
	objects = {

/* Begin PBXBuildFile section */
		DA052F9E2B026BEB00149A88 /* wakeupApp.swift in Sources */ = {isa = PBXBuildFile; fileRef = DA052F9D2B026BEB00149A88 /* wakeupApp.swift */; };
		DA052FA02B026BEB00149A88 /* ContentView.swift in Sources */ = {isa = PBXBuildFile; fileRef = DA052F9F2B026BEB00149A88 /* ContentView.swift */; };
		DA052FA22B026BED00149A88 /* Assets.xcassets in Resources */ = {isa = PBXBuildFile; fileRef = DA052FA12B026BED00149A88 /* Assets.xcassets */; };
		DA052FA52B026BED00149A88 /* Preview Assets.xcassets in Resources */ = {isa = PBXBuildFile; fileRef = DA052FA42B026BED00149A88 /* Preview Assets.xcassets */; };
		DA052FA72B026BED00149A88 /* Persistence.swift in Sources */ = {isa = PBXBuildFile; fileRef = DA052FA62B026BED00149A88 /* Persistence.swift */; };
		DA052FAA2B026BED00149A88 /* wakeup.xcdatamodeld in Sources */ = {isa = PBXBuildFile; fileRef = DA052FA82B026BED00149A88 /* wakeup.xcdatamodeld */; };
		DA18B62B2B09BDA8006E73DC /* Registration.swift in Sources */ = {isa = PBXBuildFile; fileRef = DA18B62A2B09BDA8006E73DC /* Registration.swift */; };
		DA18B62D2B1056D5006E73DC /* TopPage.swift in Sources */ = {isa = PBXBuildFile; fileRef = DA18B62C2B1056D5006E73DC /* TopPage.swift */; };
		DAACD3282B12EB6D00302C5F /* notification.swift in Sources */ = {isa = PBXBuildFile; fileRef = DAACD3272B12EB6D00302C5F /* notification.swift */; };
/* End PBXBuildFile section */

/* Begin PBXFileReference section */
		DA052F9A2B026BEB00149A88 /* wakeup.app */ = {isa = PBXFileReference; explicitFileType = wrapper.application; includeInIndex = 0; path = wakeup.app; sourceTree = BUILT_PRODUCTS_DIR; };
		DA052F9D2B026BEB00149A88 /* wakeupApp.swift */ = {isa = PBXFileReference; lastKnownFileType = sourcecode.swift; path = wakeupApp.swift; sourceTree = "<group>"; };
		DA052F9F2B026BEB00149A88 /* ContentView.swift */ = {isa = PBXFileReference; lastKnownFileType = sourcecode.swift; path = ContentView.swift; sourceTree = "<group>"; };
		DA052FA12B026BED00149A88 /* Assets.xcassets */ = {isa = PBXFileReference; lastKnownFileType = folder.assetcatalog; path = Assets.xcassets; sourceTree = "<group>"; };
		DA052FA42B026BED00149A88 /* Preview Assets.xcassets */ = {isa = PBXFileReference; lastKnownFileType = folder.assetcatalog; path = "Preview Assets.xcassets"; sourceTree = "<group>"; };
		DA052FA62B026BED00149A88 /* Persistence.swift */ = {isa = PBXFileReference; lastKnownFileType = sourcecode.swift; path = Persistence.swift; sourceTree = "<group>"; };
		DA052FA92B026BED00149A88 /* wakeup.xcdatamodel */ = {isa = PBXFileReference; lastKnownFileType = wrapper.xcdatamodel; path = wakeup.xcdatamodel; sourceTree = "<group>"; };
		DA052FAB2B026BED00149A88 /* wakeup.entitlements */ = {isa = PBXFileReference; lastKnownFileType = text.plist.entitlements; path = wakeup.entitlements; sourceTree = "<group>"; };
		DA052FAC2B026BED00149A88 /* Info.plist */ = {isa = PBXFileReference; lastKnownFileType = text.plist.xml; path = Info.plist; sourceTree = "<group>"; };
		DA18B62A2B09BDA8006E73DC /* Registration.swift */ = {isa = PBXFileReference; lastKnownFileType = sourcecode.swift; path = Registration.swift; sourceTree = "<group>"; };
		DA18B62C2B1056D5006E73DC /* TopPage.swift */ = {isa = PBXFileReference; lastKnownFileType = sourcecode.swift; path = TopPage.swift; sourceTree = "<group>"; };
		DAACD3272B12EB6D00302C5F /* notification.swift */ = {isa = PBXFileReference; lastKnownFileType = sourcecode.swift; path = notification.swift; sourceTree = "<group>"; };
/* End PBXFileReference section */

/* Begin PBXFrameworksBuildPhase section */
		DA052F972B026BEB00149A88 /* Frameworks */ = {
			isa = PBXFrameworksBuildPhase;
			buildActionMask = 2147483647;
			files = (
			);
			runOnlyForDeploymentPostprocessing = 0;
		};
/* End PBXFrameworksBuildPhase section */

/* Begin PBXGroup section */
		DA052F912B026BEB00149A88 = {
			isa = PBXGroup;
			children = (
				DA052F9C2B026BEB00149A88 /* wakeup */,
				DA052F9B2B026BEB00149A88 /* Products */,
			);
			sourceTree = "<group>";
		};
		DA052F9B2B026BEB00149A88 /* Products */ = {
			isa = PBXGroup;
			children = (
				DA052F9A2B026BEB00149A88 /* wakeup.app */,
			);
			name = Products;
			sourceTree = "<group>";
		};
		DA052F9C2B026BEB00149A88 /* wakeup */ = {
			isa = PBXGroup;
			children = (
				DA052F9D2B026BEB00149A88 /* wakeupApp.swift */,
				DA052F9F2B026BEB00149A88 /* ContentView.swift */,
				DA18B62C2B1056D5006E73DC /* TopPage.swift */,
				DA18B62A2B09BDA8006E73DC /* Registration.swift */,
				DAACD3272B12EB6D00302C5F /* notification.swift */,
				DA052FA12B026BED00149A88 /* Assets.xcassets */,
				DA052FA62B026BED00149A88 /* Persistence.swift */,
				DA052FAB2B026BED00149A88 /* wakeup.entitlements */,
				DA052FAC2B026BED00149A88 /* Info.plist */,
				DA052FA82B026BED00149A88 /* wakeup.xcdatamodeld */,
				DA052FA32B026BED00149A88 /* Preview Content */,
			);
			path = wakeup;
			sourceTree = "<group>";
		};
		DA052FA32B026BED00149A88 /* Preview Content */ = {
			isa = PBXGroup;
			children = (
				DA052FA42B026BED00149A88 /* Preview Assets.xcassets */,
			);
			path = "Preview Content";
			sourceTree = "<group>";
		};
/* End PBXGroup section */

/* Begin PBXNativeTarget section */
		DA052F992B026BEB00149A88 /* wakeup */ = {
			isa = PBXNativeTarget;
			buildConfigurationList = DA052FAF2B026BED00149A88 /* Build configuration list for PBXNativeTarget "wakeup" */;
			buildPhases = (
				DA052F962B026BEB00149A88 /* Sources */,
				DA052F972B026BEB00149A88 /* Frameworks */,
				DA052F982B026BEB00149A88 /* Resources */,
			);
			buildRules = (
			);
			dependencies = (
			);
			name = wakeup;
			productName = wakeup;
			productReference = DA052F9A2B026BEB00149A88 /* wakeup.app */;
			productType = "com.apple.product-type.application";
		};
/* End PBXNativeTarget section */

/* Begin PBXProject section */
		DA052F922B026BEB00149A88 /* Project object */ = {
			isa = PBXProject;
			attributes = {
				BuildIndependentTargetsInParallel = 1;
				LastSwiftUpdateCheck = 1500;
				LastUpgradeCheck = 1500;
				TargetAttributes = {
					DA052F992B026BEB00149A88 = {
						CreatedOnToolsVersion = 15.0.1;
					};
				};
			};
			buildConfigurationList = DA052F952B026BEB00149A88 /* Build configuration list for PBXProject "wakeup" */;
			compatibilityVersion = "Xcode 14.0";
			developmentRegion = en;
			hasScannedForEncodings = 0;
			knownRegions = (
				en,
				Base,
			);
			mainGroup = DA052F912B026BEB00149A88;
			productRefGroup = DA052F9B2B026BEB00149A88 /* Products */;
			projectDirPath = "";
			projectRoot = "";
			targets = (
				DA052F992B026BEB00149A88 /* wakeup */,
			);
		};
/* End PBXProject section */

/* Begin PBXResourcesBuildPhase section */
		DA052F982B026BEB00149A88 /* Resources */ = {
			isa = PBXResourcesBuildPhase;
			buildActionMask = 2147483647;
			files = (
				DA052FA52B026BED00149A88 /* Preview Assets.xcassets in Resources */,
				DA052FA22B026BED00149A88 /* Assets.xcassets in Resources */,
			);
			runOnlyForDeploymentPostprocessing = 0;
		};
/* End PBXResourcesBuildPhase section */

/* Begin PBXSourcesBuildPhase section */
		DA052F962B026BEB00149A88 /* Sources */ = {
			isa = PBXSourcesBuildPhase;
			buildActionMask = 2147483647;
			files = (
				DA18B62D2B1056D5006E73DC /* TopPage.swift in Sources */,
				DA052FAA2B026BED00149A88 /* wakeup.xcdatamodeld in Sources */,
				DA052FA72B026BED00149A88 /* Persistence.swift in Sources */,
				DA052FA02B026BEB00149A88 /* ContentView.swift in Sources */,
				DA18B62B2B09BDA8006E73DC /* Registration.swift in Sources */,
				DAACD3282B12EB6D00302C5F /* notification.swift in Sources */,
				DA052F9E2B026BEB00149A88 /* wakeupApp.swift in Sources */,
			);
			runOnlyForDeploymentPostprocessing = 0;
		};
/* End PBXSourcesBuildPhase section */

/* Begin XCBuildConfiguration section */
		DA052FAD2B026BED00149A88 /* Debug */ = {
			isa = XCBuildConfiguration;
			buildSettings = {
				ALWAYS_SEARCH_USER_PATHS = NO;
				ASSETCATALOG_COMPILER_GENERATE_SWIFT_ASSET_SYMBOL_EXTENSIONS = YES;
				CLANG_ANALYZER_NONNULL = YES;
				CLANG_ANALYZER_NUMBER_OBJECT_CONVERSION = YES_AGGRESSIVE;
				CLANG_CXX_LANGUAGE_STANDARD = "gnu++20";
				CLANG_ENABLE_MODULES = YES;
				CLANG_ENABLE_OBJC_ARC = YES;
				CLANG_ENABLE_OBJC_WEAK = YES;
				CLANG_WARN_BLOCK_CAPTURE_AUTORELEASING = YES;
				CLANG_WARN_BOOL_CONVERSION = YES;
				CLANG_WARN_COMMA = YES;
				CLANG_WARN_CONSTANT_CONVERSION = YES;
				CLANG_WARN_DEPRECATED_OBJC_IMPLEMENTATIONS = YES;
				CLANG_WARN_DIRECT_OBJC_ISA_USAGE = YES_ERROR;
				CLANG_WARN_DOCUMENTATION_COMMENTS = YES;
				CLANG_WARN_EMPTY_BODY = YES;
				CLANG_WARN_ENUM_CONVERSION = YES;
				CLANG_WARN_INFINITE_RECURSION = YES;
				CLANG_WARN_INT_CONVERSION = YES;
				CLANG_WARN_NON_LITERAL_NULL_CONVERSION = YES;
				CLANG_WARN_OBJC_IMPLICIT_RETAIN_SELF = YES;
				CLANG_WARN_OBJC_LITERAL_CONVERSION = YES;
				CLANG_WARN_OBJC_ROOT_CLASS = YES_ERROR;
				CLANG_WARN_QUOTED_INCLUDE_IN_FRAMEWORK_HEADER = YES;
				CLANG_WARN_RANGE_LOOP_ANALYSIS = YES;
				CLANG_WARN_STRICT_PROTOTYPES = YES;
				CLANG_WARN_SUSPICIOUS_MOVE = YES;
				CLANG_WARN_UNGUARDED_AVAILABILITY = YES_AGGRESSIVE;
				CLANG_WARN_UNREACHABLE_CODE = YES;
				CLANG_WARN__DUPLICATE_METHOD_MATCH = YES;
				COPY_PHASE_STRIP = NO;
				DEBUG_INFORMATION_FORMAT = dwarf;
				ENABLE_STRICT_OBJC_MSGSEND = YES;
				ENABLE_TESTABILITY = YES;
				ENABLE_USER_SCRIPT_SANDBOXING = YES;
				GCC_C_LANGUAGE_STANDARD = gnu17;
				GCC_DYNAMIC_NO_PIC = NO;
				GCC_NO_COMMON_BLOCKS = YES;
				GCC_OPTIMIZATION_LEVEL = 0;
				GCC_PREPROCESSOR_DEFINITIONS = (
					"DEBUG=1",
					"$(inherited)",
				);
				GCC_WARN_64_TO_32_BIT_CONVERSION = YES;
				GCC_WARN_ABOUT_RETURN_TYPE = YES_ERROR;
				GCC_WARN_UNDECLARED_SELECTOR = YES;
				GCC_WARN_UNINITIALIZED_AUTOS = YES_AGGRESSIVE;
				GCC_WARN_UNUSED_FUNCTION = YES;
				GCC_WARN_UNUSED_VARIABLE = YES;
				IPHONEOS_DEPLOYMENT_TARGET = 17.0;
				LOCALIZATION_PREFERS_STRING_CATALOGS = YES;
				MTL_ENABLE_DEBUG_INFO = INCLUDE_SOURCE;
				MTL_FAST_MATH = YES;
				ONLY_ACTIVE_ARCH = YES;
				SDKROOT = iphoneos;
				SWIFT_ACTIVE_COMPILATION_CONDITIONS = "DEBUG $(inherited)";
				SWIFT_OPTIMIZATION_LEVEL = "-Onone";
			};
			name = Debug;
		};
		DA052FAE2B026BED00149A88 /* Release */ = {
			isa = XCBuildConfiguration;
			buildSettings = {
				ALWAYS_SEARCH_USER_PATHS = NO;
				ASSETCATALOG_COMPILER_GENERATE_SWIFT_ASSET_SYMBOL_EXTENSIONS = YES;
				CLANG_ANALYZER_NONNULL = YES;
				CLANG_ANALYZER_NUMBER_OBJECT_CONVERSION = YES_AGGRESSIVE;
				CLANG_CXX_LANGUAGE_STANDARD = "gnu++20";
				CLANG_ENABLE_MODULES = YES;
				CLANG_ENABLE_OBJC_ARC = YES;
				CLANG_ENABLE_OBJC_WEAK = YES;
				CLANG_WARN_BLOCK_CAPTURE_AUTORELEASING = YES;
				CLANG_WARN_BOOL_CONVERSION = YES;
				CLANG_WARN_COMMA = YES;
				CLANG_WARN_CONSTANT_CONVERSION = YES;
				CLANG_WARN_DEPRECATED_OBJC_IMPLEMENTATIONS = YES;
				CLANG_WARN_DIRECT_OBJC_ISA_USAGE = YES_ERROR;
				CLANG_WARN_DOCUMENTATION_COMMENTS = YES;
				CLANG_WARN_EMPTY_BODY = YES;
				CLANG_WARN_ENUM_CONVERSION = YES;
				CLANG_WARN_INFINITE_RECURSION = YES;
				CLANG_WARN_INT_CONVERSION = YES;
				CLANG_WARN_NON_LITERAL_NULL_CONVERSION = YES;
				CLANG_WARN_OBJC_IMPLICIT_RETAIN_SELF = YES;
				CLANG_WARN_OBJC_LITERAL_CONVERSION = YES;
				CLANG_WARN_OBJC_ROOT_CLASS = YES_ERROR;
				CLANG_WARN_QUOTED_INCLUDE_IN_FRAMEWORK_HEADER = YES;
				CLANG_WARN_RANGE_LOOP_ANALYSIS = YES;
				CLANG_WARN_STRICT_PROTOTYPES = YES;
				CLANG_WARN_SUSPICIOUS_MOVE = YES;
				CLANG_WARN_UNGUARDED_AVAILABILITY = YES_AGGRESSIVE;
				CLANG_WARN_UNREACHABLE_CODE = YES;
				CLANG_WARN__DUPLICATE_METHOD_MATCH = YES;
				COPY_PHASE_STRIP = NO;
				DEBUG_INFORMATION_FORMAT = "dwarf-with-dsym";
				ENABLE_NS_ASSERTIONS = NO;
				ENABLE_STRICT_OBJC_MSGSEND = YES;
				ENABLE_USER_SCRIPT_SANDBOXING = YES;
				GCC_C_LANGUAGE_STANDARD = gnu17;
				GCC_NO_COMMON_BLOCKS = YES;
				GCC_WARN_64_TO_32_BIT_CONVERSION = YES;
				GCC_WARN_ABOUT_RETURN_TYPE = YES_ERROR;
				GCC_WARN_UNDECLARED_SELECTOR = YES;
				GCC_WARN_UNINITIALIZED_AUTOS = YES_AGGRESSIVE;
				GCC_WARN_UNUSED_FUNCTION = YES;
				GCC_WARN_UNUSED_VARIABLE = YES;
				IPHONEOS_DEPLOYMENT_TARGET = 17.0;
				LOCALIZATION_PREFERS_STRING_CATALOGS = YES;
				MTL_ENABLE_DEBUG_INFO = NO;
				MTL_FAST_MATH = YES;
				SDKROOT = iphoneos;
				SWIFT_COMPILATION_MODE = wholemodule;
				VALIDATE_PRODUCT = YES;
			};
			name = Release;
		};
		DA052FB02B026BED00149A88 /* Debug */ = {
			isa = XCBuildConfiguration;
			buildSettings = {
				ASSETCATALOG_COMPILER_APPICON_NAME = AppIcon;
				ASSETCATALOG_COMPILER_GLOBAL_ACCENT_COLOR_NAME = AccentColor;
				CODE_SIGN_ENTITLEMENTS = wakeup/wakeup.entitlements;
				CODE_SIGN_STYLE = Automatic;
				CURRENT_PROJECT_VERSION = 1;
				DEVELOPMENT_ASSET_PATHS = "\"wakeup/Preview Content\"";
				DEVELOPMENT_TEAM = 2YZ2G5T53G;
				ENABLE_PREVIEWS = YES;
				GENERATE_INFOPLIST_FILE = YES;
				INFOPLIST_FILE = wakeup/Info.plist;
				INFOPLIST_KEY_UIApplicationSceneManifest_Generation = YES;
				INFOPLIST_KEY_UIApplicationSupportsIndirectInputEvents = YES;
				INFOPLIST_KEY_UILaunchScreen_Generation = YES;
				INFOPLIST_KEY_UISupportedInterfaceOrientations_iPad = "UIInterfaceOrientationPortrait UIInterfaceOrientationPortraitUpsideDown UIInterfaceOrientationLandscapeLeft UIInterfaceOrientationLandscapeRight";
				INFOPLIST_KEY_UISupportedInterfaceOrientations_iPhone = "UIInterfaceOrientationPortrait UIInterfaceOrientationLandscapeLeft UIInterfaceOrientationLandscapeRight";
				LD_RUNPATH_SEARCH_PATHS = (
					"$(inherited)",
					"@executable_path/Frameworks",
				);
				MARKETING_VERSION = 1.0;
				PRODUCT_BUNDLE_IDENTIFIER = com.webseisakumonkey.wakeup;
				PRODUCT_NAME = "$(TARGET_NAME)";
				SWIFT_EMIT_LOC_STRINGS = YES;
				SWIFT_VERSION = 5.0;
				TARGETED_DEVICE_FAMILY = "1,2";
			};
			name = Debug;
		};
		DA052FB12B026BED00149A88 /* Release */ = {
			isa = XCBuildConfiguration;
			buildSettings = {
				ASSETCATALOG_COMPILER_APPICON_NAME = AppIcon;
				ASSETCATALOG_COMPILER_GLOBAL_ACCENT_COLOR_NAME = AccentColor;
				CODE_SIGN_ENTITLEMENTS = wakeup/wakeup.entitlements;
				CODE_SIGN_STYLE = Automatic;
				CURRENT_PROJECT_VERSION = 1;
				DEVELOPMENT_ASSET_PATHS = "\"wakeup/Preview Content\"";
				DEVELOPMENT_TEAM = 2YZ2G5T53G;
				ENABLE_PREVIEWS = YES;
				GENERATE_INFOPLIST_FILE = YES;
				INFOPLIST_FILE = wakeup/Info.plist;
				INFOPLIST_KEY_UIApplicationSceneManifest_Generation = YES;
				INFOPLIST_KEY_UIApplicationSupportsIndirectInputEvents = YES;
				INFOPLIST_KEY_UILaunchScreen_Generation = YES;
				INFOPLIST_KEY_UISupportedInterfaceOrientations_iPad = "UIInterfaceOrientationPortrait UIInterfaceOrientationPortraitUpsideDown UIInterfaceOrientationLandscapeLeft UIInterfaceOrientationLandscapeRight";
				INFOPLIST_KEY_UISupportedInterfaceOrientations_iPhone = "UIInterfaceOrientationPortrait UIInterfaceOrientationLandscapeLeft UIInterfaceOrientationLandscapeRight";
				LD_RUNPATH_SEARCH_PATHS = (
					"$(inherited)",
					"@executable_path/Frameworks",
				);
				MARKETING_VERSION = 1.0;
				PRODUCT_BUNDLE_IDENTIFIER = com.webseisakumonkey.wakeup;
				PRODUCT_NAME = "$(TARGET_NAME)";
				SWIFT_EMIT_LOC_STRINGS = YES;
				SWIFT_VERSION = 5.0;
				TARGETED_DEVICE_FAMILY = "1,2";
			};
			name = Release;
		};
/* End XCBuildConfiguration section */

/* Begin XCConfigurationList section */
		DA052F952B026BEB00149A88 /* Build configuration list for PBXProject "wakeup" */ = {
			isa = XCConfigurationList;
			buildConfigurations = (
				DA052FAD2B026BED00149A88 /* Debug */,
				DA052FAE2B026BED00149A88 /* Release */,
			);
			defaultConfigurationIsVisible = 0;
			defaultConfigurationName = Release;
		};
		DA052FAF2B026BED00149A88 /* Build configuration list for PBXNativeTarget "wakeup" */ = {
			isa = XCConfigurationList;
			buildConfigurations = (
				DA052FB02B026BED00149A88 /* Debug */,
				DA052FB12B026BED00149A88 /* Release */,
			);
			defaultConfigurationIsVisible = 0;
			defaultConfigurationName = Release;
		};
/* End XCConfigurationList section */

/* Begin XCVersionGroup section */
		DA052FA82B026BED00149A88 /* wakeup.xcdatamodeld */ = {
			isa = XCVersionGroup;
			children = (
				DA052FA92B026BED00149A88 /* wakeup.xcdatamodel */,
			);
			currentVersion = DA052FA92B026BED00149A88 /* wakeup.xcdatamodel */;
			path = wakeup.xcdatamodeld;
			sourceTree = "<group>";
			versionGroupType = wrapper.xcdatamodel;
		};
/* End XCVersionGroup section */
	};
	rootObject = DA052F922B026BEB00149A88 /* Project object */;
}
